{
  "name": "bridgetown-excellent",
  "version": "1.0.0",
  "lockfileVersion": 3,
  "requires": true,
  "packages": {
    "": {
      "name": "bridgetown-excellent",
      "version": "1.0.0",
      "dependencies": {
        "@hotwired/turbo": "^7.3.0",
        "@justinribeiro/lite-youtube": "^1.5.0",
        "@shoelace-style/shoelace": "^2.12.0",
        "turbo-shadow": "^1.2.0"
      },
      "devDependencies": {
        "esbuild": "^0.19.2",
        "glob": "^8.0.1",
        "postcss": "^8.4.12",
        "postcss-flexbugs-fixes": "^5.0.2",
        "postcss-import": "^14.1.0",
        "postcss-load-config": "^4.0.1",
        "postcss-preset-env": "^7.4.3",
        "read-cache": "^1.0.0"
      }
    },
    "node_modules/@csstools/postcss-cascade-layers": {
      "version": "1.1.1",
      "dev": true,
      "license": "CC0-1.0",
      "dependencies": {
        "@csstools/selector-specificity": "^2.0.2",
        "postcss-selector-parser": "^6.0.10"
      },
      "engines": {
        "node": "^12 || ^14 || >=16"
      },
      "funding": {
        "type": "opencollective",
        "url": "https://opencollective.com/csstools"
      },
      "peerDependencies": {
        "postcss": "^8.2"
      }
    },
    "node_modules/@csstools/postcss-color-function": {
      "version": "1.1.1",
      "dev": true,
      "license": "CC0-1.0",
      "dependencies": {
        "@csstools/postcss-progressive-custom-properties": "^1.1.0",
        "postcss-value-parser": "^4.2.0"
      },
      "engines": {
        "node": "^12 || ^14 || >=16"
      },
      "funding": {
        "type": "opencollective",
        "url": "https://opencollective.com/csstools"
      },
      "peerDependencies": {
        "postcss": "^8.2"
      }
    },
    "node_modules/@csstools/postcss-font-format-keywords": {
      "version": "1.0.1",
      "dev": true,
      "license": "CC0-1.0",
      "dependencies": {
        "postcss-value-parser": "^4.2.0"
      },
      "engines": {
        "node": "^12 || ^14 || >=16"
      },
      "funding": {
        "type": "opencollective",
        "url": "https://opencollective.com/csstools"
      },
      "peerDependencies": {
        "postcss": "^8.2"
      }
    },
    "node_modules/@csstools/postcss-hwb-function": {
      "version": "1.0.2",
      "dev": true,
      "license": "CC0-1.0",
      "dependencies": {
        "postcss-value-parser": "^4.2.0"
      },
      "engines": {
        "node": "^12 || ^14 || >=16"
      },
      "funding": {
        "type": "opencollective",
        "url": "https://opencollective.com/csstools"
      },
      "peerDependencies": {
        "postcss": "^8.2"
      }
    },
    "node_modules/@csstools/postcss-ic-unit": {
      "version": "1.0.1",
      "dev": true,
      "license": "CC0-1.0",
      "dependencies": {
        "@csstools/postcss-progressive-custom-properties": "^1.1.0",
        "postcss-value-parser": "^4.2.0"
      },
      "engines": {
        "node": "^12 || ^14 || >=16"
      },
      "funding": {
        "type": "opencollective",
        "url": "https://opencollective.com/csstools"
      },
      "peerDependencies": {
        "postcss": "^8.2"
      }
    },
    "node_modules/@csstools/postcss-is-pseudo-class": {
      "version": "2.0.7",
      "dev": true,
      "license": "CC0-1.0",
      "dependencies": {
        "@csstools/selector-specificity": "^2.0.0",
        "postcss-selector-parser": "^6.0.10"
      },
      "engines": {
        "node": "^12 || ^14 || >=16"
      },
      "funding": {
        "type": "opencollective",
        "url": "https://opencollective.com/csstools"
      },
      "peerDependencies": {
        "postcss": "^8.2"
      }
    },
    "node_modules/@csstools/postcss-nested-calc": {
      "version": "1.0.0",
      "dev": true,
      "license": "CC0-1.0",
      "dependencies": {
        "postcss-value-parser": "^4.2.0"
      },
      "engines": {
        "node": "^12 || ^14 || >=16"
      },
      "funding": {
        "type": "opencollective",
        "url": "https://opencollective.com/csstools"
      },
      "peerDependencies": {
        "postcss": "^8.2"
      }
    },
    "node_modules/@csstools/postcss-normalize-display-values": {
      "version": "1.0.1",
      "dev": true,
      "license": "CC0-1.0",
      "dependencies": {
        "postcss-value-parser": "^4.2.0"
      },
      "engines": {
        "node": "^12 || ^14 || >=16"
      },
      "funding": {
        "type": "opencollective",
        "url": "https://opencollective.com/csstools"
      },
      "peerDependencies": {
        "postcss": "^8.2"
      }
    },
    "node_modules/@csstools/postcss-oklab-function": {
      "version": "1.1.1",
      "dev": true,
      "license": "CC0-1.0",
      "dependencies": {
        "@csstools/postcss-progressive-custom-properties": "^1.1.0",
        "postcss-value-parser": "^4.2.0"
      },
      "engines": {
        "node": "^12 || ^14 || >=16"
      },
      "funding": {
        "type": "opencollective",
        "url": "https://opencollective.com/csstools"
      },
      "peerDependencies": {
        "postcss": "^8.2"
      }
    },
    "node_modules/@csstools/postcss-progressive-custom-properties": {
      "version": "1.3.0",
      "dev": true,
      "license": "CC0-1.0",
      "dependencies": {
        "postcss-value-parser": "^4.2.0"
      },
      "engines": {
        "node": "^12 || ^14 || >=16"
      },
      "peerDependencies": {
        "postcss": "^8.3"
      }
    },
    "node_modules/@csstools/postcss-stepped-value-functions": {
      "version": "1.0.1",
      "dev": true,
      "license": "CC0-1.0",
      "dependencies": {
        "postcss-value-parser": "^4.2.0"
      },
      "engines": {
        "node": "^12 || ^14 || >=16"
      },
      "funding": {
        "type": "opencollective",
        "url": "https://opencollective.com/csstools"
      },
      "peerDependencies": {
        "postcss": "^8.2"
      }
    },
    "node_modules/@csstools/postcss-text-decoration-shorthand": {
      "version": "1.0.0",
      "dev": true,
      "license": "CC0-1.0",
      "dependencies": {
        "postcss-value-parser": "^4.2.0"
      },
      "engines": {
        "node": "^12 || ^14 || >=16"
      },
      "funding": {
        "type": "opencollective",
        "url": "https://opencollective.com/csstools"
      },
      "peerDependencies": {
        "postcss": "^8.2"
      }
    },
    "node_modules/@csstools/postcss-trigonometric-functions": {
      "version": "1.0.2",
      "dev": true,
      "license": "CC0-1.0",
      "dependencies": {
        "postcss-value-parser": "^4.2.0"
      },
      "engines": {
        "node": "^14 || >=16"
      },
      "funding": {
        "type": "opencollective",
        "url": "https://opencollective.com/csstools"
      },
      "peerDependencies": {
        "postcss": "^8.2"
      }
    },
    "node_modules/@csstools/postcss-unset-value": {
      "version": "1.0.2",
      "dev": true,
      "license": "CC0-1.0",
      "engines": {
        "node": "^12 || ^14 || >=16"
      },
      "funding": {
        "type": "opencollective",
        "url": "https://opencollective.com/csstools"
      },
      "peerDependencies": {
        "postcss": "^8.2"
      }
    },
    "node_modules/@csstools/selector-specificity": {
      "version": "2.2.0",
      "dev": true,
      "license": "CC0-1.0",
      "engines": {
        "node": "^14 || ^16 || >=18"
      },
      "funding": {
        "type": "opencollective",
        "url": "https://opencollective.com/csstools"
      },
      "peerDependencies": {
        "postcss-selector-parser": "^6.0.10"
      }
    },
    "node_modules/@ctrl/tinycolor": {
      "version": "4.0.2",
      "license": "MIT",
      "engines": {
        "node": ">=14"
      }
    },
    "node_modules/@esbuild/linux-x64": {
      "version": "0.19.7",
      "cpu": [
        "x64"
      ],
      "dev": true,
      "license": "MIT",
      "optional": true,
      "os": [
        "linux"
      ],
      "engines": {
        "node": ">=12"
      }
    },
    "node_modules/@floating-ui/core": {
      "version": "1.5.0",
      "license": "MIT",
      "dependencies": {
        "@floating-ui/utils": "^0.1.3"
      }
    },
    "node_modules/@floating-ui/dom": {
      "version": "1.5.3",
      "license": "MIT",
      "dependencies": {
        "@floating-ui/core": "^1.4.2",
        "@floating-ui/utils": "^0.1.3"
      }
    },
    "node_modules/@floating-ui/utils": {
      "version": "0.1.6",
      "license": "MIT"
    },
    "node_modules/@hotwired/turbo": {
      "version": "7.3.0",
      "license": "MIT",
      "engines": {
        "node": ">= 14"
      }
    },
    "node_modules/@justinribeiro/lite-youtube": {
      "version": "1.5.0",
      "license": "MIT"
    },
    "node_modules/@lit-labs/ssr-dom-shim": {
      "version": "1.1.2",
      "license": "BSD-3-Clause"
    },
    "node_modules/@lit/react": {
      "version": "1.0.2",
      "license": "BSD-3-Clause",
      "peerDependencies": {
        "@types/react": "17 || 18"
      }
    },
    "node_modules/@lit/reactive-element": {
      "version": "2.0.2",
      "license": "BSD-3-Clause",
      "dependencies": {
        "@lit-labs/ssr-dom-shim": "^1.1.2"
      }
    },
    "node_modules/@shoelace-style/animations": {
      "version": "1.1.0",
      "license": "MIT",
      "funding": {
        "type": "individual",
        "url": "https://github.com/sponsors/claviska"
      }
    },
    "node_modules/@shoelace-style/localize": {
      "version": "3.1.2",
      "license": "MIT"
    },
    "node_modules/@shoelace-style/shoelace": {
      "version": "2.12.0",
      "license": "MIT",
      "dependencies": {
        "@ctrl/tinycolor": "^4.0.2",
        "@floating-ui/dom": "^1.5.3",
        "@lit/react": "^1.0.0",
        "@shoelace-style/animations": "^1.1.0",
        "@shoelace-style/localize": "^3.1.2",
        "composed-offset-position": "^0.0.4",
        "lit": "^3.0.0",
        "qr-creator": "^1.0.0"
      },
      "engines": {
        "node": ">=14.17.0"
      },
      "funding": {
        "type": "individual",
        "url": "https://github.com/sponsors/claviska"
      }
    },
    "node_modules/@types/prop-types": {
      "version": "15.7.12",
      "resolved": "https://registry.npmjs.org/@types/prop-types/-/prop-types-15.7.12.tgz",
      "integrity": "sha512-5zvhXYtRNRluoE/jAp4GVsSduVUzNWKkOZrCDBWYtE7biZywwdC2AcEzg+cSMLFRfVgeAFqpfNabiPjxFddV1Q==",
      "license": "MIT",
      "peer": true
    },
    "node_modules/@types/react": {
      "version": "18.3.3",
      "resolved": "https://registry.npmjs.org/@types/react/-/react-18.3.3.tgz",
      "integrity": "sha512-hti/R0pS0q1/xx+TsI73XIqk26eBsISZ2R0wUijXIngRK9R/e7Xw/cXVxQK7R5JjW+SV4zGcn5hXjudkN/pLIw==",
      "license": "MIT",
      "peer": true,
      "dependencies": {
        "@types/prop-types": "*",
        "csstype": "^3.0.2"
      }
    },
    "node_modules/@types/trusted-types": {
      "version": "2.0.7",
      "license": "MIT"
    },
    "node_modules/autoprefixer": {
      "version": "10.4.16",
      "dev": true,
      "funding": [
        {
          "type": "opencollective",
          "url": "https://opencollective.com/postcss/"
        },
        {
          "type": "tidelift",
          "url": "https://tidelift.com/funding/github/npm/autoprefixer"
        },
        {
          "type": "github",
          "url": "https://github.com/sponsors/ai"
        }
      ],
      "license": "MIT",
      "dependencies": {
        "browserslist": "^4.21.10",
        "caniuse-lite": "^1.0.30001538",
        "fraction.js": "^4.3.6",
        "normalize-range": "^0.1.2",
        "picocolors": "^1.0.0",
        "postcss-value-parser": "^4.2.0"
      },
      "bin": {
        "autoprefixer": "bin/autoprefixer"
      },
      "engines": {
        "node": "^10 || ^12 || >=14"
      },
      "peerDependencies": {
        "postcss": "^8.1.0"
      }
    },
    "node_modules/balanced-match": {
      "version": "1.0.2",
      "dev": true,
      "license": "MIT"
    },
    "node_modules/brace-expansion": {
      "version": "2.0.1",
      "dev": true,
      "license": "MIT",
      "dependencies": {
        "balanced-match": "^1.0.0"
      }
    },
    "node_modules/browserslist": {
      "version": "4.22.1",
      "dev": true,
      "funding": [
        {
          "type": "opencollective",
          "url": "https://opencollective.com/browserslist"
        },
        {
          "type": "tidelift",
          "url": "https://tidelift.com/funding/github/npm/browserslist"
        },
        {
          "type": "github",
          "url": "https://github.com/sponsors/ai"
        }
      ],
      "license": "MIT",
      "dependencies": {
        "caniuse-lite": "^1.0.30001541",
        "electron-to-chromium": "^1.4.535",
        "node-releases": "^2.0.13",
        "update-browserslist-db": "^1.0.13"
      },
      "bin": {
        "browserslist": "cli.js"
      },
      "engines": {
        "node": "^6 || ^7 || ^8 || ^9 || ^10 || ^11 || ^12 || >=13.7"
      }
    },
    "node_modules/caniuse-lite": {
      "version": "1.0.30001564",
      "dev": true,
      "funding": [
        {
          "type": "opencollective",
          "url": "https://opencollective.com/browserslist"
        },
        {
          "type": "tidelift",
          "url": "https://tidelift.com/funding/github/npm/caniuse-lite"
        },
        {
          "type": "github",
          "url": "https://github.com/sponsors/ai"
        }
      ],
      "license": "CC-BY-4.0"
    },
    "node_modules/composed-offset-position": {
      "version": "0.0.4",
      "license": "MIT"
    },
    "node_modules/css-blank-pseudo": {
      "version": "3.0.3",
      "dev": true,
      "license": "CC0-1.0",
      "dependencies": {
        "postcss-selector-parser": "^6.0.9"
      },
      "bin": {
        "css-blank-pseudo": "dist/cli.cjs"
      },
      "engines": {
        "node": "^12 || ^14 || >=16"
      },
      "peerDependencies": {
        "postcss": "^8.4"
      }
    },
    "node_modules/css-has-pseudo": {
      "version": "3.0.4",
      "dev": true,
      "license": "CC0-1.0",
      "dependencies": {
        "postcss-selector-parser": "^6.0.9"
      },
      "bin": {
        "css-has-pseudo": "dist/cli.cjs"
      },
      "engines": {
        "node": "^12 || ^14 || >=16"
      },
      "peerDependencies": {
        "postcss": "^8.4"
      }
    },
    "node_modules/css-prefers-color-scheme": {
      "version": "6.0.3",
      "dev": true,
      "license": "CC0-1.0",
      "bin": {
        "css-prefers-color-scheme": "dist/cli.cjs"
      },
      "engines": {
        "node": "^12 || ^14 || >=16"
      },
      "peerDependencies": {
        "postcss": "^8.4"
      }
    },
    "node_modules/cssdb": {
      "version": "7.9.0",
      "dev": true,
      "funding": [
        {
          "type": "opencollective",
          "url": "https://opencollective.com/csstools"
        },
        {
          "type": "github",
          "url": "https://github.com/sponsors/csstools"
        }
      ],
      "license": "CC0-1.0"
    },
    "node_modules/cssesc": {
      "version": "3.0.0",
      "dev": true,
      "license": "MIT",
      "bin": {
        "cssesc": "bin/cssesc"
      },
      "engines": {
        "node": ">=4"
      }
    },
    "node_modules/csstype": {
      "version": "3.1.3",
      "resolved": "https://registry.npmjs.org/csstype/-/csstype-3.1.3.tgz",
      "integrity": "sha512-M1uQkMl8rQK/szD0LNhtqxIPLpimGm8sOBwU7lLnCpSbTyY3yeU1Vc7l4KT5zT4s/yOxHH5O7tIuuLOCnLADRw==",
      "license": "MIT",
      "peer": true
    },
    "node_modules/electron-to-chromium": {
      "version": "1.4.593",
      "dev": true,
      "license": "ISC"
    },
    "node_modules/esbuild": {
      "version": "0.19.7",
      "dev": true,
      "hasInstallScript": true,
      "license": "MIT",
      "bin": {
        "esbuild": "bin/esbuild"
      },
      "engines": {
        "node": ">=12"
      },
      "optionalDependencies": {
        "@esbuild/android-arm": "0.19.7",
        "@esbuild/android-arm64": "0.19.7",
        "@esbuild/android-x64": "0.19.7",
        "@esbuild/darwin-arm64": "0.19.7",
        "@esbuild/darwin-x64": "0.19.7",
        "@esbuild/freebsd-arm64": "0.19.7",
        "@esbuild/freebsd-x64": "0.19.7",
        "@esbuild/linux-arm": "0.19.7",
        "@esbuild/linux-arm64": "0.19.7",
        "@esbuild/linux-ia32": "0.19.7",
        "@esbuild/linux-loong64": "0.19.7",
        "@esbuild/linux-mips64el": "0.19.7",
        "@esbuild/linux-ppc64": "0.19.7",
        "@esbuild/linux-riscv64": "0.19.7",
        "@esbuild/linux-s390x": "0.19.7",
        "@esbuild/linux-x64": "0.19.7",
        "@esbuild/netbsd-x64": "0.19.7",
        "@esbuild/openbsd-x64": "0.19.7",
        "@esbuild/sunos-x64": "0.19.7",
        "@esbuild/win32-arm64": "0.19.7",
        "@esbuild/win32-ia32": "0.19.7",
        "@esbuild/win32-x64": "0.19.7"
      }
    },
    "node_modules/escalade": {
      "version": "3.1.1",
      "dev": true,
      "license": "MIT",
      "engines": {
        "node": ">=6"
      }
    },
    "node_modules/fraction.js": {
      "version": "4.3.7",
      "dev": true,
      "license": "MIT",
      "engines": {
        "node": "*"
      },
      "funding": {
        "type": "patreon",
        "url": "https://github.com/sponsors/rawify"
      }
    },
    "node_modules/fs.realpath": {
      "version": "1.0.0",
      "dev": true,
      "license": "ISC"
    },
    "node_modules/function-bind": {
      "version": "1.1.2",
      "dev": true,
      "license": "MIT",
      "funding": {
        "url": "https://github.com/sponsors/ljharb"
      }
    },
    "node_modules/glob": {
      "version": "8.1.0",
      "dev": true,
      "license": "ISC",
      "dependencies": {
        "fs.realpath": "^1.0.0",
        "inflight": "^1.0.4",
        "inherits": "2",
        "minimatch": "^5.0.1",
        "once": "^1.3.0"
      },
      "engines": {
        "node": ">=12"
      },
      "funding": {
        "url": "https://github.com/sponsors/isaacs"
      }
    },
    "node_modules/hasown": {
      "version": "2.0.0",
      "dev": true,
      "license": "MIT",
      "dependencies": {
        "function-bind": "^1.1.2"
      },
      "engines": {
        "node": ">= 0.4"
      }
    },
    "node_modules/inflight": {
      "version": "1.0.6",
      "dev": true,
      "license": "ISC",
      "dependencies": {
        "once": "^1.3.0",
        "wrappy": "1"
      }
    },
    "node_modules/inherits": {
      "version": "2.0.4",
      "dev": true,
      "license": "ISC"
    },
    "node_modules/is-core-module": {
      "version": "2.13.1",
      "dev": true,
      "license": "MIT",
      "dependencies": {
        "hasown": "^2.0.0"
      },
      "funding": {
        "url": "https://github.com/sponsors/ljharb"
      }
    },
    "node_modules/lilconfig": {
      "version": "3.0.0",
      "dev": true,
      "license": "MIT",
      "engines": {
        "node": ">=14"
      }
    },
    "node_modules/lit": {
      "version": "3.1.0",
      "license": "BSD-3-Clause",
      "dependencies": {
        "@lit/reactive-element": "^2.0.0",
        "lit-element": "^4.0.0",
        "lit-html": "^3.1.0"
      }
    },
    "node_modules/lit-element": {
      "version": "4.0.2",
      "license": "BSD-3-Clause",
      "dependencies": {
        "@lit-labs/ssr-dom-shim": "^1.1.2",
        "@lit/reactive-element": "^2.0.0",
        "lit-html": "^3.1.0"
      }
    },
    "node_modules/lit-html": {
      "version": "3.1.0",
      "license": "BSD-3-Clause",
      "dependencies": {
        "@types/trusted-types": "^2.0.2"
      }
    },
    "node_modules/minimatch": {
      "version": "5.1.6",
      "dev": true,
      "license": "ISC",
      "dependencies": {
        "brace-expansion": "^2.0.1"
      },
      "engines": {
        "node": ">=10"
      }
    },
    "node_modules/nanoid": {
      "version": "3.3.7",
      "dev": true,
      "funding": [
        {
          "type": "github",
          "url": "https://github.com/sponsors/ai"
        }
      ],
      "license": "MIT",
      "bin": {
        "nanoid": "bin/nanoid.cjs"
      },
      "engines": {
        "node": "^10 || ^12 || ^13.7 || ^14 || >=15.0.1"
      }
    },
    "node_modules/node-releases": {
      "version": "2.0.13",
      "dev": true,
      "license": "MIT"
    },
    "node_modules/normalize-range": {
      "version": "0.1.2",
      "dev": true,
      "license": "MIT",
      "engines": {
        "node": ">=0.10.0"
      }
    },
    "node_modules/once": {
      "version": "1.4.0",
      "dev": true,
      "license": "ISC",
      "dependencies": {
        "wrappy": "1"
      }
    },
    "node_modules/path-parse": {
      "version": "1.0.7",
      "dev": true,
      "license": "MIT"
    },
    "node_modules/picocolors": {
      "version": "1.0.0",
      "dev": true,
      "license": "ISC"
    },
    "node_modules/pify": {
      "version": "2.3.0",
      "dev": true,
      "license": "MIT",
      "engines": {
        "node": ">=0.10.0"
      }
    },
    "node_modules/postcss": {
      "version": "8.4.31",
      "dev": true,
      "funding": [
        {
          "type": "opencollective",
          "url": "https://opencollective.com/postcss/"
        },
        {
          "type": "tidelift",
          "url": "https://tidelift.com/funding/github/npm/postcss"
        },
        {
          "type": "github",
          "url": "https://github.com/sponsors/ai"
        }
      ],
      "license": "MIT",
      "dependencies": {
        "nanoid": "^3.3.6",
        "picocolors": "^1.0.0",
        "source-map-js": "^1.0.2"
      },
      "engines": {
        "node": "^10 || ^12 || >=14"
      }
    },
    "node_modules/postcss-attribute-case-insensitive": {
      "version": "5.0.2",
      "dev": true,
      "license": "MIT",
      "dependencies": {
        "postcss-selector-parser": "^6.0.10"
      },
      "engines": {
        "node": "^12 || ^14 || >=16"
      },
      "funding": {
        "type": "opencollective",
        "url": "https://opencollective.com/csstools"
      },
      "peerDependencies": {
        "postcss": "^8.2"
      }
    },
    "node_modules/postcss-clamp": {
      "version": "4.1.0",
      "dev": true,
      "license": "MIT",
      "dependencies": {
        "postcss-value-parser": "^4.2.0"
      },
      "engines": {
        "node": ">=7.6.0"
      },
      "peerDependencies": {
        "postcss": "^8.4.6"
      }
    },
    "node_modules/postcss-color-functional-notation": {
      "version": "4.2.4",
      "dev": true,
      "license": "CC0-1.0",
      "dependencies": {
        "postcss-value-parser": "^4.2.0"
      },
      "engines": {
        "node": "^12 || ^14 || >=16"
      },
      "funding": {
        "type": "opencollective",
        "url": "https://opencollective.com/csstools"
      },
      "peerDependencies": {
        "postcss": "^8.2"
      }
    },
    "node_modules/postcss-color-hex-alpha": {
      "version": "8.0.4",
      "dev": true,
      "license": "MIT",
      "dependencies": {
        "postcss-value-parser": "^4.2.0"
      },
      "engines": {
        "node": "^12 || ^14 || >=16"
      },
      "funding": {
        "type": "opencollective",
        "url": "https://opencollective.com/csstools"
      },
      "peerDependencies": {
        "postcss": "^8.4"
      }
    },
    "node_modules/postcss-color-rebeccapurple": {
      "version": "7.1.1",
      "dev": true,
      "license": "CC0-1.0",
      "dependencies": {
        "postcss-value-parser": "^4.2.0"
      },
      "engines": {
        "node": "^12 || ^14 || >=16"
      },
      "funding": {
        "type": "opencollective",
        "url": "https://opencollective.com/csstools"
      },
      "peerDependencies": {
        "postcss": "^8.2"
      }
    },
    "node_modules/postcss-custom-media": {
      "version": "8.0.2",
      "dev": true,
      "license": "MIT",
      "dependencies": {
        "postcss-value-parser": "^4.2.0"
      },
      "engines": {
        "node": "^12 || ^14 || >=16"
      },
      "funding": {
        "type": "opencollective",
        "url": "https://opencollective.com/csstools"
      },
      "peerDependencies": {
        "postcss": "^8.3"
      }
    },
    "node_modules/postcss-custom-properties": {
      "version": "12.1.11",
      "dev": true,
      "license": "MIT",
      "dependencies": {
        "postcss-value-parser": "^4.2.0"
      },
      "engines": {
        "node": "^12 || ^14 || >=16"
      },
      "funding": {
        "type": "opencollective",
        "url": "https://opencollective.com/csstools"
      },
      "peerDependencies": {
        "postcss": "^8.2"
      }
    },
    "node_modules/postcss-custom-selectors": {
      "version": "6.0.3",
      "dev": true,
      "license": "MIT",
      "dependencies": {
        "postcss-selector-parser": "^6.0.4"
      },
      "engines": {
        "node": "^12 || ^14 || >=16"
      },
      "funding": {
        "type": "opencollective",
        "url": "https://opencollective.com/csstools"
      },
      "peerDependencies": {
        "postcss": "^8.3"
      }
    },
    "node_modules/postcss-dir-pseudo-class": {
      "version": "6.0.5",
      "dev": true,
      "license": "CC0-1.0",
      "dependencies": {
        "postcss-selector-parser": "^6.0.10"
      },
      "engines": {
        "node": "^12 || ^14 || >=16"
      },
      "funding": {
        "type": "opencollective",
        "url": "https://opencollective.com/csstools"
      },
      "peerDependencies": {
        "postcss": "^8.2"
      }
    },
    "node_modules/postcss-double-position-gradients": {
      "version": "3.1.2",
      "dev": true,
      "license": "CC0-1.0",
      "dependencies": {
        "@csstools/postcss-progressive-custom-properties": "^1.1.0",
        "postcss-value-parser": "^4.2.0"
      },
      "engines": {
        "node": "^12 || ^14 || >=16"
      },
      "funding": {
        "type": "opencollective",
        "url": "https://opencollective.com/csstools"
      },
      "peerDependencies": {
        "postcss": "^8.2"
      }
    },
    "node_modules/postcss-env-function": {
      "version": "4.0.6",
      "dev": true,
      "license": "CC0-1.0",
      "dependencies": {
        "postcss-value-parser": "^4.2.0"
      },
      "engines": {
        "node": "^12 || ^14 || >=16"
      },
      "peerDependencies": {
        "postcss": "^8.4"
      }
    },
    "node_modules/postcss-flexbugs-fixes": {
      "version": "5.0.2",
      "dev": true,
      "license": "MIT",
      "peerDependencies": {
        "postcss": "^8.1.4"
      }
    },
    "node_modules/postcss-focus-visible": {
      "version": "6.0.4",
      "dev": true,
      "license": "CC0-1.0",
      "dependencies": {
        "postcss-selector-parser": "^6.0.9"
      },
      "engines": {
        "node": "^12 || ^14 || >=16"
      },
      "peerDependencies": {
        "postcss": "^8.4"
      }
    },
    "node_modules/postcss-focus-within": {
      "version": "5.0.4",
      "dev": true,
      "license": "CC0-1.0",
      "dependencies": {
        "postcss-selector-parser": "^6.0.9"
      },
      "engines": {
        "node": "^12 || ^14 || >=16"
      },
      "peerDependencies": {
        "postcss": "^8.4"
      }
    },
    "node_modules/postcss-font-variant": {
      "version": "5.0.0",
      "dev": true,
      "license": "MIT",
      "peerDependencies": {
        "postcss": "^8.1.0"
      }
    },
    "node_modules/postcss-gap-properties": {
      "version": "3.0.5",
      "dev": true,
      "license": "CC0-1.0",
      "engines": {
        "node": "^12 || ^14 || >=16"
      },
      "funding": {
        "type": "opencollective",
        "url": "https://opencollective.com/csstools"
      },
      "peerDependencies": {
        "postcss": "^8.2"
      }
    },
    "node_modules/postcss-image-set-function": {
      "version": "4.0.7",
      "dev": true,
      "license": "CC0-1.0",
      "dependencies": {
        "postcss-value-parser": "^4.2.0"
      },
      "engines": {
        "node": "^12 || ^14 || >=16"
      },
      "funding": {
        "type": "opencollective",
        "url": "https://opencollective.com/csstools"
      },
      "peerDependencies": {
        "postcss": "^8.2"
      }
    },
    "node_modules/postcss-import": {
      "version": "14.1.0",
      "dev": true,
      "license": "MIT",
      "dependencies": {
        "postcss-value-parser": "^4.0.0",
        "read-cache": "^1.0.0",
        "resolve": "^1.1.7"
      },
      "engines": {
        "node": ">=10.0.0"
      },
      "peerDependencies": {
        "postcss": "^8.0.0"
      }
    },
    "node_modules/postcss-initial": {
      "version": "4.0.1",
      "dev": true,
      "license": "MIT",
      "peerDependencies": {
        "postcss": "^8.0.0"
      }
    },
    "node_modules/postcss-lab-function": {
      "version": "4.2.1",
      "dev": true,
      "license": "CC0-1.0",
      "dependencies": {
        "@csstools/postcss-progressive-custom-properties": "^1.1.0",
        "postcss-value-parser": "^4.2.0"
      },
      "engines": {
        "node": "^12 || ^14 || >=16"
      },
      "funding": {
        "type": "opencollective",
        "url": "https://opencollective.com/csstools"
      },
      "peerDependencies": {
        "postcss": "^8.2"
      }
    },
    "node_modules/postcss-load-config": {
      "version": "4.0.2",
      "dev": true,
      "funding": [
        {
          "type": "opencollective",
          "url": "https://opencollective.com/postcss/"
        },
        {
          "type": "github",
          "url": "https://github.com/sponsors/ai"
        }
      ],
      "license": "MIT",
      "dependencies": {
        "lilconfig": "^3.0.0",
        "yaml": "^2.3.4"
      },
      "engines": {
        "node": ">= 14"
      },
      "peerDependencies": {
        "postcss": ">=8.0.9",
        "ts-node": ">=9.0.0"
      },
      "peerDependenciesMeta": {
        "postcss": {
          "optional": true
        },
        "ts-node": {
          "optional": true
        }
      }
    },
    "node_modules/postcss-logical": {
      "version": "5.0.4",
      "dev": true,
      "license": "CC0-1.0",
      "engines": {
        "node": "^12 || ^14 || >=16"
      },
      "peerDependencies": {
        "postcss": "^8.4"
      }
    },
    "node_modules/postcss-media-minmax": {
      "version": "5.0.0",
      "dev": true,
      "license": "MIT",
      "engines": {
        "node": ">=10.0.0"
      },
      "peerDependencies": {
        "postcss": "^8.1.0"
      }
    },
    "node_modules/postcss-nesting": {
      "version": "10.2.0",
      "dev": true,
      "license": "CC0-1.0",
      "dependencies": {
        "@csstools/selector-specificity": "^2.0.0",
        "postcss-selector-parser": "^6.0.10"
      },
      "engines": {
        "node": "^12 || ^14 || >=16"
      },
      "funding": {
        "type": "opencollective",
        "url": "https://opencollective.com/csstools"
      },
      "peerDependencies": {
        "postcss": "^8.2"
      }
    },
    "node_modules/postcss-opacity-percentage": {
      "version": "1.1.3",
      "dev": true,
      "funding": [
        {
          "type": "kofi",
          "url": "https://ko-fi.com/mrcgrtz"
        },
        {
          "type": "liberapay",
          "url": "https://liberapay.com/mrcgrtz"
        }
      ],
      "license": "MIT",
      "engines": {
        "node": "^12 || ^14 || >=16"
      },
      "peerDependencies": {
        "postcss": "^8.2"
      }
    },
    "node_modules/postcss-overflow-shorthand": {
      "version": "3.0.4",
      "dev": true,
      "license": "CC0-1.0",
      "dependencies": {
        "postcss-value-parser": "^4.2.0"
      },
      "engines": {
        "node": "^12 || ^14 || >=16"
      },
      "funding": {
        "type": "opencollective",
        "url": "https://opencollective.com/csstools"
      },
      "peerDependencies": {
        "postcss": "^8.2"
      }
    },
    "node_modules/postcss-page-break": {
      "version": "3.0.4",
      "dev": true,
      "license": "MIT",
      "peerDependencies": {
        "postcss": "^8"
      }
    },
    "node_modules/postcss-place": {
      "version": "7.0.5",
      "dev": true,
      "license": "CC0-1.0",
      "dependencies": {
        "postcss-value-parser": "^4.2.0"
      },
      "engines": {
        "node": "^12 || ^14 || >=16"
      },
      "funding": {
        "type": "opencollective",
        "url": "https://opencollective.com/csstools"
      },
      "peerDependencies": {
        "postcss": "^8.2"
      }
    },
    "node_modules/postcss-preset-env": {
      "version": "7.8.3",
      "dev": true,
      "license": "CC0-1.0",
      "dependencies": {
        "@csstools/postcss-cascade-layers": "^1.1.1",
        "@csstools/postcss-color-function": "^1.1.1",
        "@csstools/postcss-font-format-keywords": "^1.0.1",
        "@csstools/postcss-hwb-function": "^1.0.2",
        "@csstools/postcss-ic-unit": "^1.0.1",
        "@csstools/postcss-is-pseudo-class": "^2.0.7",
        "@csstools/postcss-nested-calc": "^1.0.0",
        "@csstools/postcss-normalize-display-values": "^1.0.1",
        "@csstools/postcss-oklab-function": "^1.1.1",
        "@csstools/postcss-progressive-custom-properties": "^1.3.0",
        "@csstools/postcss-stepped-value-functions": "^1.0.1",
        "@csstools/postcss-text-decoration-shorthand": "^1.0.0",
        "@csstools/postcss-trigonometric-functions": "^1.0.2",
        "@csstools/postcss-unset-value": "^1.0.2",
        "autoprefixer": "^10.4.13",
        "browserslist": "^4.21.4",
        "css-blank-pseudo": "^3.0.3",
        "css-has-pseudo": "^3.0.4",
        "css-prefers-color-scheme": "^6.0.3",
        "cssdb": "^7.1.0",
        "postcss-attribute-case-insensitive": "^5.0.2",
        "postcss-clamp": "^4.1.0",
        "postcss-color-functional-notation": "^4.2.4",
        "postcss-color-hex-alpha": "^8.0.4",
        "postcss-color-rebeccapurple": "^7.1.1",
        "postcss-custom-media": "^8.0.2",
        "postcss-custom-properties": "^12.1.10",
        "postcss-custom-selectors": "^6.0.3",
        "postcss-dir-pseudo-class": "^6.0.5",
        "postcss-double-position-gradients": "^3.1.2",
        "postcss-env-function": "^4.0.6",
        "postcss-focus-visible": "^6.0.4",
        "postcss-focus-within": "^5.0.4",
        "postcss-font-variant": "^5.0.0",
        "postcss-gap-properties": "^3.0.5",
        "postcss-image-set-function": "^4.0.7",
        "postcss-initial": "^4.0.1",
        "postcss-lab-function": "^4.2.1",
        "postcss-logical": "^5.0.4",
        "postcss-media-minmax": "^5.0.0",
        "postcss-nesting": "^10.2.0",
        "postcss-opacity-percentage": "^1.1.2",
        "postcss-overflow-shorthand": "^3.0.4",
        "postcss-page-break": "^3.0.4",
        "postcss-place": "^7.0.5",
        "postcss-pseudo-class-any-link": "^7.1.6",
        "postcss-replace-overflow-wrap": "^4.0.0",
        "postcss-selector-not": "^6.0.1",
        "postcss-value-parser": "^4.2.0"
      },
      "engines": {
        "node": "^12 || ^14 || >=16"
      },
      "funding": {
        "type": "opencollective",
        "url": "https://opencollective.com/csstools"
      },
      "peerDependencies": {
        "postcss": "^8.2"
      }
    },
    "node_modules/postcss-pseudo-class-any-link": {
      "version": "7.1.6",
      "dev": true,
      "license": "CC0-1.0",
      "dependencies": {
        "postcss-selector-parser": "^6.0.10"
      },
      "engines": {
        "node": "^12 || ^14 || >=16"
      },
      "funding": {
        "type": "opencollective",
        "url": "https://opencollective.com/csstools"
      },
      "peerDependencies": {
        "postcss": "^8.2"
      }
    },
    "node_modules/postcss-replace-overflow-wrap": {
      "version": "4.0.0",
      "dev": true,
      "license": "MIT",
      "peerDependencies": {
        "postcss": "^8.0.3"
      }
    },
    "node_modules/postcss-selector-not": {
      "version": "6.0.1",
      "dev": true,
      "license": "MIT",
      "dependencies": {
        "postcss-selector-parser": "^6.0.10"
      },
      "engines": {
        "node": "^12 || ^14 || >=16"
      },
      "funding": {
        "type": "opencollective",
        "url": "https://opencollective.com/csstools"
      },
      "peerDependencies": {
        "postcss": "^8.2"
      }
    },
    "node_modules/postcss-selector-parser": {
      "version": "6.0.13",
      "dev": true,
      "license": "MIT",
      "dependencies": {
        "cssesc": "^3.0.0",
        "util-deprecate": "^1.0.2"
      },
      "engines": {
        "node": ">=4"
      }
    },
    "node_modules/postcss-value-parser": {
      "version": "4.2.0",
      "dev": true,
      "license": "MIT"
    },
    "node_modules/qr-creator": {
      "version": "1.0.0",
      "license": "MIT"
    },
    "node_modules/read-cache": {
      "version": "1.0.0",
      "dev": true,
      "license": "MIT",
      "dependencies": {
        "pify": "^2.3.0"
      }
    },
    "node_modules/resolve": {
      "version": "1.22.8",
      "dev": true,
      "license": "MIT",
      "dependencies": {
        "is-core-module": "^2.13.0",
        "path-parse": "^1.0.7",
        "supports-preserve-symlinks-flag": "^1.0.0"
      },
      "bin": {
        "resolve": "bin/resolve"
      },
      "funding": {
        "url": "https://github.com/sponsors/ljharb"
      }
    },
    "node_modules/source-map-js": {
      "version": "1.0.2",
      "dev": true,
      "license": "BSD-3-Clause",
      "engines": {
        "node": ">=0.10.0"
      }
    },
    "node_modules/supports-preserve-symlinks-flag": {
      "version": "1.0.0",
      "dev": true,
      "license": "MIT",
      "engines": {
        "node": ">= 0.4"
      },
      "funding": {
        "url": "https://github.com/sponsors/ljharb"
      }
    },
    "node_modules/turbo-shadow": {
      "version": "1.2.0",
      "license": "MIT"
    },
    "node_modules/update-browserslist-db": {
      "version": "1.0.13",
      "dev": true,
      "funding": [
        {
          "type": "opencollective",
          "url": "https://opencollective.com/browserslist"
        },
        {
          "type": "tidelift",
          "url": "https://tidelift.com/funding/github/npm/browserslist"
        },
        {
          "type": "github",
          "url": "https://github.com/sponsors/ai"
        }
      ],
      "license": "MIT",
      "dependencies": {
        "escalade": "^3.1.1",
        "picocolors": "^1.0.0"
      },
      "bin": {
        "update-browserslist-db": "cli.js"
      },
      "peerDependencies": {
        "browserslist": ">= 4.21.0"
      }
    },
    "node_modules/util-deprecate": {
      "version": "1.0.2",
      "dev": true,
      "license": "MIT"
    },
    "node_modules/wrappy": {
      "version": "1.0.2",
      "dev": true,
      "license": "ISC"
    },
    "node_modules/yaml": {
      "version": "2.3.4",
      "dev": true,
      "license": "ISC",
      "engines": {
        "node": ">= 14"
      }
    }
  }
}
